{
  "name": "bubble-sort",
  "version": "1.0.0",
  "lockfileVersion": 2,
  "requires": true,
  "packages": {
    "": {
      "version": "1.0.0",
      "license": "ISC",
      "dependencies": {
        "@assemblyscript/loader": "^0.18.26",
        "source-map-support": "^0.5.19"
      },
      "devDependencies": {
        "assemblyscript": "^0.18.26"
      }
    },
    "node_modules/@assemblyscript/loader": {
      "version": "0.18.26",
      "resolved": "https://registry.npmjs.org/@assemblyscript/loader/-/loader-0.18.26.tgz",
      "integrity": "sha512-c/dQ2WRbvkDqo1LH1IMLc/BevUeaGqaC/974a2E48rN10/henbUIMqPSy12N5rIT38715RbyIChYxHhY5KZzxQ=="
    },
    "node_modules/assemblyscript": {
      "version": "0.18.26",
      "resolved": "https://registry.npmjs.org/assemblyscript/-/assemblyscript-0.18.26.tgz",
      "integrity": "sha512-BuM+Zx+IAk58z8HWQXWKwgQZ3wbK5ROYCpJxAgf5N1xjOsmc5KIj8aAON9tSxuUTCE3tf/tIPV0rW7eVPyv0dg==",
      "dev": true,
      "dependencies": {
        "binaryen": "100.0.0",
        "long": "^4.0.0"
      },
      "bin": {
        "asc": "bin/asc",
        "asinit": "bin/asinit"
      },
      "funding": {
        "type": "opencollective",
        "url": "https://opencollective.com/assemblyscript"
      }
    },
    "node_modules/binaryen": {
      "version": "100.0.0",
      "resolved": "https://registry.npmjs.org/binaryen/-/binaryen-100.0.0.tgz",
      "integrity": "sha512-nxOt8d8/VXAuSVEtAWUdKrqpqCy365QqD223EzzB1GzS5himiZAfM/R5lXx+M/5q8TB8cYp3tYxv5rTjNTJveQ==",
      "dev": true,
      "bin": {
        "wasm-opt": "bin/wasm-opt"
      }
    },
    "node_modules/buffer-from": {
      "version": "1.1.1",
      "resolved": "https://registry.npmjs.org/buffer-from/-/buffer-from-1.1.1.tgz",
      "integrity": "sha512-MQcXEUbCKtEo7bhqEs6560Hyd4XaovZlO/k9V3hjVUF/zwW7KBVdSK4gIt/bzwS9MbR5qob+F5jusZsb0YQK2A=="
    },
    "node_modules/long": {
      "version": "4.0.0",
      "resolved": "https://registry.npmjs.org/long/-/long-4.0.0.tgz",
      "integrity": "sha512-XsP+KhQif4bjX1kbuSiySJFNAehNxgLb6hPRGJ9QsUr8ajHkuXGdrHmFUTUUXhDwVX2R5bY4JNZEwbUiMhV+MA==",
      "dev": true
    },
    "node_modules/source-map": {
      "version": "0.6.1",
      "resolved": "https://registry.npmjs.org/source-map/-/source-map-0.6.1.tgz",
      "integrity": "sha512-UjgapumWlbMhkBgzT7Ykc5YXUT46F0iKu8SGXq0bcwP5dz/h0Plj6enJqjz1Zbq2l5WaqYnrVbwWOWMyF3F47g==",
      "engines": {
        "node": ">=0.10.0"
      }
    },
    "node_modules/source-map-support": {
      "version": "0.5.19",
      "resolved": "https://registry.npmjs.org/source-map-support/-/source-map-support-0.5.19.tgz",
      "integrity": "sha512-Wonm7zOCIJzBGQdB+thsPar0kYuCIzYvxZwlBa87yi/Mdjv7Tip2cyVbLj5o0cFPN4EVkuTwb3GDDyUx2DGnGw==",
      "dependencies": {
        "buffer-from": "^1.0.0",
        "source-map": "^0.6.0"
      }
    }
  },
  "dependencies": {
    "@assemblyscript/loader": {
      "version": "0.18.26",
      "resolved": "https://registry.npmjs.org/@assemblyscript/loader/-/loader-0.18.26.tgz",
      "integrity": "sha512-c/dQ2WRbvkDqo1LH1IMLc/BevUeaGqaC/974a2E48rN10/henbUIMqPSy12N5rIT38715RbyIChYxHhY5KZzxQ=="
    },
    "assemblyscript": {
      "version": "0.18.26",
      "resolved": "https://registry.npmjs.org/assemblyscript/-/assemblyscript-0.18.26.tgz",
      "integrity": "sha512-BuM+Zx+IAk58z8HWQXWKwgQZ3wbK5ROYCpJxAgf5N1xjOsmc5KIj8aAON9tSxuUTCE3tf/tIPV0rW7eVPyv0dg==",
      "dev": true,
      "requires": {
        "binaryen": "100.0.0",
        "long": "^4.0.0"
      }
    },
    "binaryen": {
      "version": "100.0.0",
      "resolved": "https://registry.npmjs.org/binaryen/-/binaryen-100.0.0.tgz",
      "integrity": "sha512-nxOt8d8/VXAuSVEtAWUdKrqpqCy365QqD223EzzB1GzS5himiZAfM/R5lXx+M/5q8TB8cYp3tYxv5rTjNTJveQ==",
      "dev": true
    },
    "buffer-from": {
      "version": "1.1.1",
      "resolved": "https://registry.npmjs.org/buffer-from/-/buffer-from-1.1.1.tgz",
      "integrity": "sha512-MQcXEUbCKtEo7bhqEs6560Hyd4XaovZlO/k9V3hjVUF/zwW7KBVdSK4gIt/bzwS9MbR5qob+F5jusZsb0YQK2A=="
    },
    "long": {
      "version": "4.0.0",
      "resolved": "https://registry.npmjs.org/long/-/long-4.0.0.tgz",
      "integrity": "sha512-XsP+KhQif4bjX1kbuSiySJFNAehNxgLb6hPRGJ9QsUr8ajHkuXGdrHmFUTUUXhDwVX2R5bY4JNZEwbUiMhV+MA==",
      "dev": true
    },
    "source-map": {
      "version": "0.6.1",
      "resolved": "https://registry.npmjs.org/source-map/-/source-map-0.6.1.tgz",
      "integrity": "sha512-UjgapumWlbMhkBgzT7Ykc5YXUT46F0iKu8SGXq0bcwP5dz/h0Plj6enJqjz1Zbq2l5WaqYnrVbwWOWMyF3F47g=="
    },
    "source-map-support": {
      "version": "0.5.19",
      "resolved": "https://registry.npmjs.org/source-map-support/-/source-map-support-0.5.19.tgz",
      "integrity": "sha512-Wonm7zOCIJzBGQdB+thsPar0kYuCIzYvxZwlBa87yi/Mdjv7Tip2cyVbLj5o0cFPN4EVkuTwb3GDDyUx2DGnGw==",
      "requires": {
        "buffer-from": "^1.0.0",
        "source-map": "^0.6.0"
      }
    }
  }
}
